
Microsoft Visual Studio Solution File, Format Version 12.00
# Visual Studio Version 17
VisualStudioVersion = 17.8.34322.80
MinimumVisualStudioVersion = 10.0.40219.1
Project("{9A19103F-16F7-4668-BE54-9A1E7A4F7556}") = "ContosoUniversity", "ContosoUniversity\ContosoUniversity.csproj", "{4B9DB37D-18FE-43A2-ADB2-D08820695092}"
EndProject
Global
	GlobalSection(SolutionConfigurationPlatforms) = preSolution
		Debug|Any CPU = Debug|Any CPU
		Release|Any CPU = Release|Any CPU
	EndGlobalSection
	GlobalSection(ProjectConfigurationPlatforms) = postSolution
		{4B9DB37D-18FE-43A2-ADB2-D08820695092}.Debug|Any CPU.ActiveCfg = Debug|Any CPU
		{4B9DB37D-18FE-43A2-ADB2-D08820695092}.Debug|Any CPU.Build.0 = Debug|Any CPU
		{4B9DB37D-18FE-43A2-ADB2-D08820695092}.Release|Any CPU.ActiveCfg = Release|Any CPU
		{4B9DB37D-18FE-43A2-ADB2-D08820695092}.Release|Any CPU.Build.0 = Release|Any CPU
	EndGlobalSection
	GlobalSection(SolutionProperties) = preSolution
		HideSolutionNode = FALSE
	EndGlobalSection
	GlobalSection(ExtensibilityGlobals) = postSolution
		SolutionGuid = {A3FC08B3-6076-45B5-B73E-86A60EBA25C9}
	EndGlobalSection
EndGlobal
